
Microsoft Visual Studio Solution File, Format Version 12.00
# Visual Studio Version 16
VisualStudioVersion = 16.0.33927.289
MinimumVisualStudioVersion = 10.0.40219.1
Project("{8BC9CEB8-8B4A-11D0-8D11-00A0C91BC942}") = "test_9_8", "test_9_8\test_9_8.vcxproj", "{EFDE2761-A03B-4E9A-8E25-EBCF65F8F6BF}"
EndProject
Global
	GlobalSection(SolutionConfigurationPlatforms) = preSolution
		Debug|x64 = Debug|x64
		Debug|x86 = Debug|x86
		Release|x64 = Release|x64
		Release|x86 = Release|x86
	EndGlobalSection
	GlobalSection(ProjectConfigurationPlatforms) = postSolution
		{EFDE2761-A03B-4E9A-8E25-EBCF65F8F6BF}.Debug|x64.ActiveCfg = Debug|x64
		{EFDE2761-A03B-4E9A-8E25-EBCF65F8F6BF}.Debug|x64.Build.0 = Debug|x64
		{EFDE2761-A03B-4E9A-8E25-EBCF65F8F6BF}.Debug|x86.ActiveCfg = Debug|Win32
		{EFDE2761-A03B-4E9A-8E25-EBCF65F8F6BF}.Debug|x86.Build.0 = Debug|Win32
		{EFDE2761-A03B-4E9A-8E25-EBCF65F8F6BF}.Release|x64.ActiveCfg = Release|x64
		{EFDE2761-A03B-4E9A-8E25-EBCF65F8F6BF}.Release|x64.Build.0 = Release|x64
		{EFDE2761-A03B-4E9A-8E25-EBCF65F8F6BF}.Release|x86.ActiveCfg = Release|Win32
		{EFDE2761-A03B-4E9A-8E25-EBCF65F8F6BF}.Release|x86.Build.0 = Release|Win32
	EndGlobalSection
	GlobalSection(SolutionProperties) = preSolution
		HideSolutionNode = FALSE
	EndGlobalSection
	GlobalSection(ExtensibilityGlobals) = postSolution
		SolutionGuid = {2EC18E4F-3192-4EA2-AD36-7F59F421EEB4}
	EndGlobalSection
EndGlobal
