
Microsoft Visual Studio Solution File, Format Version 12.00
# Visual Studio Version 16
VisualStudioVersion = 16.0.33927.289
MinimumVisualStudioVersion = 10.0.40219.1
Project("{8BC9CEB8-8B4A-11D0-8D11-00A0C91BC942}") = "9_21", "9_21\9_21.vcxproj", "{68AFD032-71A2-4CF5-AB51-7306D4AC1ADB}"
EndProject
Global
	GlobalSection(SolutionConfigurationPlatforms) = preSolution
		Debug|x64 = Debug|x64
		Debug|x86 = Debug|x86
		Release|x64 = Release|x64
		Release|x86 = Release|x86
	EndGlobalSection
	GlobalSection(ProjectConfigurationPlatforms) = postSolution
		{68AFD032-71A2-4CF5-AB51-7306D4AC1ADB}.Debug|x64.ActiveCfg = Debug|x64
		{68AFD032-71A2-4CF5-AB51-7306D4AC1ADB}.Debug|x64.Build.0 = Debug|x64
		{68AFD032-71A2-4CF5-AB51-7306D4AC1ADB}.Debug|x86.ActiveCfg = Debug|Win32
		{68AFD032-71A2-4CF5-AB51-7306D4AC1ADB}.Debug|x86.Build.0 = Debug|Win32
		{68AFD032-71A2-4CF5-AB51-7306D4AC1ADB}.Release|x64.ActiveCfg = Release|x64
		{68AFD032-71A2-4CF5-AB51-7306D4AC1ADB}.Release|x64.Build.0 = Release|x64
		{68AFD032-71A2-4CF5-AB51-7306D4AC1ADB}.Release|x86.ActiveCfg = Release|Win32
		{68AFD032-71A2-4CF5-AB51-7306D4AC1ADB}.Release|x86.Build.0 = Release|Win32
	EndGlobalSection
	GlobalSection(SolutionProperties) = preSolution
		HideSolutionNode = FALSE
	EndGlobalSection
	GlobalSection(ExtensibilityGlobals) = postSolution
		SolutionGuid = {740FEDD9-BA5E-4B95-BFCA-33EC516CC54E}
	EndGlobalSection
EndGlobal
