
Microsoft Visual Studio Solution File, Format Version 12.00
# Visual Studio Version 16
VisualStudioVersion = 16.0.33927.289
MinimumVisualStudioVersion = 10.0.40219.1
Project("{8BC9CEB8-8B4A-11D0-8D11-00A0C91BC942}") = "10_21matchrbaket", "10_21matchrbaket\10_21matchrbaket.vcxproj", "{32202504-F962-4038-A2CF-A13802D1B51A}"
EndProject
Global
	GlobalSection(SolutionConfigurationPlatforms) = preSolution
		Debug|x64 = Debug|x64
		Debug|x86 = Debug|x86
		Release|x64 = Release|x64
		Release|x86 = Release|x86
	EndGlobalSection
	GlobalSection(ProjectConfigurationPlatforms) = postSolution
		{32202504-F962-4038-A2CF-A13802D1B51A}.Debug|x64.ActiveCfg = Debug|x64
		{32202504-F962-4038-A2CF-A13802D1B51A}.Debug|x64.Build.0 = Debug|x64
		{32202504-F962-4038-A2CF-A13802D1B51A}.Debug|x86.ActiveCfg = Debug|Win32
		{32202504-F962-4038-A2CF-A13802D1B51A}.Debug|x86.Build.0 = Debug|Win32
		{32202504-F962-4038-A2CF-A13802D1B51A}.Release|x64.ActiveCfg = Release|x64
		{32202504-F962-4038-A2CF-A13802D1B51A}.Release|x64.Build.0 = Release|x64
		{32202504-F962-4038-A2CF-A13802D1B51A}.Release|x86.ActiveCfg = Release|Win32
		{32202504-F962-4038-A2CF-A13802D1B51A}.Release|x86.Build.0 = Release|Win32
	EndGlobalSection
	GlobalSection(SolutionProperties) = preSolution
		HideSolutionNode = FALSE
	EndGlobalSection
	GlobalSection(ExtensibilityGlobals) = postSolution
		SolutionGuid = {5119AAB5-E2DA-4631-9CA1-192BA5555895}
	EndGlobalSection
EndGlobal
