
Microsoft Visual Studio Solution File, Format Version 12.00
# Visual Studio Version 16
VisualStudioVersion = 16.0.33927.289
MinimumVisualStudioVersion = 10.0.40219.1
Project("{8BC9CEB8-8B4A-11D0-8D11-00A0C91BC942}") = "10_4_contact", "10_4_contact\10_4_contact.vcxproj", "{244C4B5E-8435-4D1B-A2D8-C7122ECB8265}"
EndProject
Global
	GlobalSection(SolutionConfigurationPlatforms) = preSolution
		Debug|x64 = Debug|x64
		Debug|x86 = Debug|x86
		Release|x64 = Release|x64
		Release|x86 = Release|x86
	EndGlobalSection
	GlobalSection(ProjectConfigurationPlatforms) = postSolution
		{244C4B5E-8435-4D1B-A2D8-C7122ECB8265}.Debug|x64.ActiveCfg = Debug|x64
		{244C4B5E-8435-4D1B-A2D8-C7122ECB8265}.Debug|x64.Build.0 = Debug|x64
		{244C4B5E-8435-4D1B-A2D8-C7122ECB8265}.Debug|x86.ActiveCfg = Debug|Win32
		{244C4B5E-8435-4D1B-A2D8-C7122ECB8265}.Debug|x86.Build.0 = Debug|Win32
		{244C4B5E-8435-4D1B-A2D8-C7122ECB8265}.Release|x64.ActiveCfg = Release|x64
		{244C4B5E-8435-4D1B-A2D8-C7122ECB8265}.Release|x64.Build.0 = Release|x64
		{244C4B5E-8435-4D1B-A2D8-C7122ECB8265}.Release|x86.ActiveCfg = Release|Win32
		{244C4B5E-8435-4D1B-A2D8-C7122ECB8265}.Release|x86.Build.0 = Release|Win32
	EndGlobalSection
	GlobalSection(SolutionProperties) = preSolution
		HideSolutionNode = FALSE
	EndGlobalSection
	GlobalSection(ExtensibilityGlobals) = postSolution
		SolutionGuid = {4F4E6224-244B-4824-A958-6A690A828D09}
	EndGlobalSection
EndGlobal
