
Microsoft Visual Studio Solution File, Format Version 12.00
# Visual Studio Version 16
VisualStudioVersion = 16.0.33927.289
MinimumVisualStudioVersion = 10.0.40219.1
Project("{8BC9CEB8-8B4A-11D0-8D11-00A0C91BC942}") = "11_17_sjjg", "11_17_sjjg\11_17_sjjg.vcxproj", "{B4AA7750-68DC-43C4-ABD8-C2A88D5E35DD}"
EndProject
Global
	GlobalSection(SolutionConfigurationPlatforms) = preSolution
		Debug|x64 = Debug|x64
		Debug|x86 = Debug|x86
		Release|x64 = Release|x64
		Release|x86 = Release|x86
	EndGlobalSection
	GlobalSection(ProjectConfigurationPlatforms) = postSolution
		{B4AA7750-68DC-43C4-ABD8-C2A88D5E35DD}.Debug|x64.ActiveCfg = Debug|x64
		{B4AA7750-68DC-43C4-ABD8-C2A88D5E35DD}.Debug|x64.Build.0 = Debug|x64
		{B4AA7750-68DC-43C4-ABD8-C2A88D5E35DD}.Debug|x86.ActiveCfg = Debug|Win32
		{B4AA7750-68DC-43C4-ABD8-C2A88D5E35DD}.Debug|x86.Build.0 = Debug|Win32
		{B4AA7750-68DC-43C4-ABD8-C2A88D5E35DD}.Release|x64.ActiveCfg = Release|x64
		{B4AA7750-68DC-43C4-ABD8-C2A88D5E35DD}.Release|x64.Build.0 = Release|x64
		{B4AA7750-68DC-43C4-ABD8-C2A88D5E35DD}.Release|x86.ActiveCfg = Release|Win32
		{B4AA7750-68DC-43C4-ABD8-C2A88D5E35DD}.Release|x86.Build.0 = Release|Win32
	EndGlobalSection
	GlobalSection(SolutionProperties) = preSolution
		HideSolutionNode = FALSE
	EndGlobalSection
	GlobalSection(ExtensibilityGlobals) = postSolution
		SolutionGuid = {8C363858-5D3D-4DBE-B665-0C2975FD7820}
	EndGlobalSection
EndGlobal
