
Microsoft Visual Studio Solution File, Format Version 12.00
# Visual Studio Version 16
VisualStudioVersion = 16.0.33927.289
MinimumVisualStudioVersion = 10.0.40219.1
Project("{8BC9CEB8-8B4A-11D0-8D11-00A0C91BC942}") = "3_7_2", "3_7_2\3_7_2.vcxproj", "{93F6A551-288D-4F1C-9451-8994D72BC62A}"
EndProject
Global
	GlobalSection(SolutionConfigurationPlatforms) = preSolution
		Debug|x64 = Debug|x64
		Debug|x86 = Debug|x86
		Release|x64 = Release|x64
		Release|x86 = Release|x86
	EndGlobalSection
	GlobalSection(ProjectConfigurationPlatforms) = postSolution
		{93F6A551-288D-4F1C-9451-8994D72BC62A}.Debug|x64.ActiveCfg = Debug|x64
		{93F6A551-288D-4F1C-9451-8994D72BC62A}.Debug|x64.Build.0 = Debug|x64
		{93F6A551-288D-4F1C-9451-8994D72BC62A}.Debug|x86.ActiveCfg = Debug|Win32
		{93F6A551-288D-4F1C-9451-8994D72BC62A}.Debug|x86.Build.0 = Debug|Win32
		{93F6A551-288D-4F1C-9451-8994D72BC62A}.Release|x64.ActiveCfg = Release|x64
		{93F6A551-288D-4F1C-9451-8994D72BC62A}.Release|x64.Build.0 = Release|x64
		{93F6A551-288D-4F1C-9451-8994D72BC62A}.Release|x86.ActiveCfg = Release|Win32
		{93F6A551-288D-4F1C-9451-8994D72BC62A}.Release|x86.Build.0 = Release|Win32
	EndGlobalSection
	GlobalSection(SolutionProperties) = preSolution
		HideSolutionNode = FALSE
	EndGlobalSection
	GlobalSection(ExtensibilityGlobals) = postSolution
		SolutionGuid = {9A586237-5413-4F75-92D1-2E44EDECFD74}
	EndGlobalSection
EndGlobal
