
Microsoft Visual Studio Solution File, Format Version 12.00
# Visual Studio Version 16
VisualStudioVersion = 16.0.33927.289
MinimumVisualStudioVersion = 10.0.40219.1
Project("{8BC9CEB8-8B4A-11D0-8D11-00A0C91BC942}") = "9_15", "9_15\9_15.vcxproj", "{09135307-CDE8-4319-9FF8-1FE459047FEE}"
EndProject
Global
	GlobalSection(SolutionConfigurationPlatforms) = preSolution
		Debug|x64 = Debug|x64
		Debug|x86 = Debug|x86
		Release|x64 = Release|x64
		Release|x86 = Release|x86
	EndGlobalSection
	GlobalSection(ProjectConfigurationPlatforms) = postSolution
		{09135307-CDE8-4319-9FF8-1FE459047FEE}.Debug|x64.ActiveCfg = Debug|x64
		{09135307-CDE8-4319-9FF8-1FE459047FEE}.Debug|x64.Build.0 = Debug|x64
		{09135307-CDE8-4319-9FF8-1FE459047FEE}.Debug|x86.ActiveCfg = Debug|Win32
		{09135307-CDE8-4319-9FF8-1FE459047FEE}.Debug|x86.Build.0 = Debug|Win32
		{09135307-CDE8-4319-9FF8-1FE459047FEE}.Release|x64.ActiveCfg = Release|x64
		{09135307-CDE8-4319-9FF8-1FE459047FEE}.Release|x64.Build.0 = Release|x64
		{09135307-CDE8-4319-9FF8-1FE459047FEE}.Release|x86.ActiveCfg = Release|Win32
		{09135307-CDE8-4319-9FF8-1FE459047FEE}.Release|x86.Build.0 = Release|Win32
	EndGlobalSection
	GlobalSection(SolutionProperties) = preSolution
		HideSolutionNode = FALSE
	EndGlobalSection
	GlobalSection(ExtensibilityGlobals) = postSolution
		SolutionGuid = {416E8FD1-9097-4237-BAAE-B3864201516D}
	EndGlobalSection
EndGlobal
